
Microsoft Visual Studio Solution File, Format Version 12.00
# Visual Studio 15
VisualStudioVersion = 15.0.28307.1000
MinimumVisualStudioVersion = 10.0.40219.1
Project("{FAE04EC0-301F-11D3-BF4B-00C04F79EFBC}") = "Labsheet9", "Labsheet9\Labsheet9.csproj", "{F1110A7C-0F52-40F4-8232-15E923177A0C}"
EndProject
Project("{FAE04EC0-301F-11D3-BF4B-00C04F79EFBC}") = "UnitTestProject1", "UnitTestProject1\UnitTestProject1.csproj", "{D11FD877-708B-4FCF-B172-E0EFA0E62935}"
EndProject
Global
	GlobalSection(SolutionConfigurationPlatforms) = preSolution
		Debug|Any CPU = Debug|Any CPU
		Release|Any CPU = Release|Any CPU
	EndGlobalSection
	GlobalSection(ProjectConfigurationPlatforms) = postSolution
		{F1110A7C-0F52-40F4-8232-15E923177A0C}.Debug|Any CPU.ActiveCfg = Debug|Any CPU
		{F1110A7C-0F52-40F4-8232-15E923177A0C}.Debug|Any CPU.Build.0 = Debug|Any CPU
		{F1110A7C-0F52-40F4-8232-15E923177A0C}.Release|Any CPU.ActiveCfg = Release|Any CPU
		{F1110A7C-0F52-40F4-8232-15E923177A0C}.Release|Any CPU.Build.0 = Release|Any CPU
		{D11FD877-708B-4FCF-B172-E0EFA0E62935}.Debug|Any CPU.ActiveCfg = Debug|Any CPU
		{D11FD877-708B-4FCF-B172-E0EFA0E62935}.Debug|Any CPU.Build.0 = Debug|Any CPU
		{D11FD877-708B-4FCF-B172-E0EFA0E62935}.Release|Any CPU.ActiveCfg = Release|Any CPU
		{D11FD877-708B-4FCF-B172-E0EFA0E62935}.Release|Any CPU.Build.0 = Release|Any CPU
	EndGlobalSection
	GlobalSection(SolutionProperties) = preSolution
		HideSolutionNode = FALSE
	EndGlobalSection
	GlobalSection(ExtensibilityGlobals) = postSolution
		SolutionGuid = {8ACC5EF8-B5FA-43F7-B409-BCE29D2A5E37}
	EndGlobalSection
EndGlobal
